// !$*UTF8*$!
{
	archiveVersion = 1;
	classes = {
	};
	objectVersion = 50;
	objects = {

/* Begin PBXBuildFile section */
		27062F8F222B097F0000D704 /* SymbolDetailViewController.swift in Sources */ = {isa = PBXBuildFile; fileRef = 27062F8E222B097F0000D704 /* SymbolDetailViewController.swift */; };
		27062F91222B15790000D704 /* SymbolDetailTableHeaderView.xib in Resources */ = {isa = PBXBuildFile; fileRef = 27062F90222B15790000D704 /* SymbolDetailTableHeaderView.xib */; };
		27062F93222B167A0000D704 /* SymbolDetailTableHeaderView.swift in Sources */ = {isa = PBXBuildFile; fileRef = 27062F92222B167A0000D704 /* SymbolDetailTableHeaderView.swift */; };
		27062F99222B321B0000D704 /* CurrencyPairTableViewCell.swift in Sources */ = {isa = PBXBuildFile; fileRef = 27062F98222B321B0000D704 /* CurrencyPairTableViewCell.swift */; };
		27062F9C22344A4C0000D704 /* GoogleService-Info.plist in Resources */ = {isa = PBXBuildFile; fileRef = 27062F9B22344A4B0000D704 /* GoogleService-Info.plist */; };
		27062F9E223451EA0000D704 /* SymbolTableViewCell.swift in Sources */ = {isa = PBXBuildFile; fileRef = 27062F9D223451EA0000D704 /* SymbolTableViewCell.swift */; };
		27062FC9223B5F5F0000D704 /* Items.swift in Sources */ = {isa = PBXBuildFile; fileRef = 27062FC8223B5F5F0000D704 /* Items.swift */; };
		27062FCB223B61000000D704 /* FavoriteCurrencyPairTableViewCell.swift in Sources */ = {isa = PBXBuildFile; fileRef = 27062FCA223B61000000D704 /* FavoriteCurrencyPairTableViewCell.swift */; };
		27194004223BF7C9004766D3 /* FavoritesViewController.swift in Sources */ = {isa = PBXBuildFile; fileRef = 27194003223BF7C9004766D3 /* FavoritesViewController.swift */; };
		27194008223BFC9A004766D3 /* MyTabBarController.swift in Sources */ = {isa = PBXBuildFile; fileRef = 27194007223BFC9A004766D3 /* MyTabBarController.swift */; };
		277444FC222ADA1C003B2181 /* AppDelegate.swift in Sources */ = {isa = PBXBuildFile; fileRef = 277444FB222ADA1C003B2181 /* AppDelegate.swift */; };
		277444FE222ADA1C003B2181 /* SymbolTableViewController.swift in Sources */ = {isa = PBXBuildFile; fileRef = 277444FD222ADA1C003B2181 /* SymbolTableViewController.swift */; };
		27744501222ADA1C003B2181 /* Main.storyboard in Resources */ = {isa = PBXBuildFile; fileRef = 277444FF222ADA1C003B2181 /* Main.storyboard */; };
		27744503222ADA1F003B2181 /* Assets.xcassets in Resources */ = {isa = PBXBuildFile; fileRef = 27744502222ADA1F003B2181 /* Assets.xcassets */; };
		27744506222ADA1F003B2181 /* LaunchScreen.storyboard in Resources */ = {isa = PBXBuildFile; fileRef = 27744504222ADA1F003B2181 /* LaunchScreen.storyboard */; };
		B512F6BAADC42E76D68B31A6 /* Pods_FOREXDemo.framework in Frameworks */ = {isa = PBXBuildFile; fileRef = 7649A021E0CF26FFDD2DE9F4 /* Pods_FOREXDemo.framework */; };
/* End PBXBuildFile section */

/* Begin PBXFileReference section */
		27062F8E222B097F0000D704 /* SymbolDetailViewController.swift */ = {isa = PBXFileReference; lastKnownFileType = sourcecode.swift; path = SymbolDetailViewController.swift; sourceTree = "<group>"; };
		27062F90222B15790000D704 /* SymbolDetailTableHeaderView.xib */ = {isa = PBXFileReference; lastKnownFileType = file.xib; path = SymbolDetailTableHeaderView.xib; sourceTree = "<group>"; };
		27062F92222B167A0000D704 /* SymbolDetailTableHeaderView.swift */ = {isa = PBXFileReference; lastKnownFileType = sourcecode.swift; path = SymbolDetailTableHeaderView.swift; sourceTree = "<group>"; };
		27062F98222B321B0000D704 /* CurrencyPairTableViewCell.swift */ = {isa = PBXFileReference; lastKnownFileType = sourcecode.swift; path = CurrencyPairTableViewCell.swift; sourceTree = "<group>"; };
		27062F9B22344A4B0000D704 /* GoogleService-Info.plist */ = {isa = PBXFileReference; fileEncoding = 4; lastKnownFileType = text.plist.xml; path = "GoogleService-Info.plist"; sourceTree = "<group>"; };
		27062F9D223451EA0000D704 /* SymbolTableViewCell.swift */ = {isa = PBXFileReference; lastKnownFileType = sourcecode.swift; path = SymbolTableViewCell.swift; sourceTree = "<group>"; };
		27062FC8223B5F5F0000D704 /* Items.swift */ = {isa = PBXFileReference; lastKnownFileType = sourcecode.swift; path = Items.swift; sourceTree = "<group>"; };
		27062FCA223B61000000D704 /* FavoriteCurrencyPairTableViewCell.swift */ = {isa = PBXFileReference; lastKnownFileType = sourcecode.swift; path = FavoriteCurrencyPairTableViewCell.swift; sourceTree = "<group>"; };
		27194003223BF7C9004766D3 /* FavoritesViewController.swift */ = {isa = PBXFileReference; lastKnownFileType = sourcecode.swift; path = FavoritesViewController.swift; sourceTree = "<group>"; };
		27194007223BFC9A004766D3 /* MyTabBarController.swift */ = {isa = PBXFileReference; lastKnownFileType = sourcecode.swift; path = MyTabBarController.swift; sourceTree = "<group>"; };
		277444F8222ADA1C003B2181 /* FOREXDemo.app */ = {isa = PBXFileReference; explicitFileType = wrapper.application; includeInIndex = 0; path = FOREXDemo.app; sourceTree = BUILT_PRODUCTS_DIR; };
		277444FB222ADA1C003B2181 /* AppDelegate.swift */ = {isa = PBXFileReference; lastKnownFileType = sourcecode.swift; path = AppDelegate.swift; sourceTree = "<group>"; };
		277444FD222ADA1C003B2181 /* SymbolTableViewController.swift */ = {isa = PBXFileReference; lastKnownFileType = sourcecode.swift; path = SymbolTableViewController.swift; sourceTree = "<group>"; };
		27744500222ADA1C003B2181 /* Base */ = {isa = PBXFileReference; lastKnownFileType = file.storyboard; name = Base; path = Base.lproj/Main.storyboard; sourceTree = "<group>"; };
		27744502222ADA1F003B2181 /* Assets.xcassets */ = {isa = PBXFileReference; lastKnownFileType = folder.assetcatalog; path = Assets.xcassets; sourceTree = "<group>"; };
		27744505222ADA1F003B2181 /* Base */ = {isa = PBXFileReference; lastKnownFileType = file.storyboard; name = Base; path = Base.lproj/LaunchScreen.storyboard; sourceTree = "<group>"; };
		27744507222ADA1F003B2181 /* Info.plist */ = {isa = PBXFileReference; lastKnownFileType = text.plist.xml; path = Info.plist; sourceTree = "<group>"; };
		7649A021E0CF26FFDD2DE9F4 /* Pods_FOREXDemo.framework */ = {isa = PBXFileReference; explicitFileType = wrapper.framework; includeInIndex = 0; path = Pods_FOREXDemo.framework; sourceTree = BUILT_PRODUCTS_DIR; };
		7B64055703AFDA7381CB1B13 /* Pods-FOREXDemo.release.xcconfig */ = {isa = PBXFileReference; includeInIndex = 1; lastKnownFileType = text.xcconfig; name = "Pods-FOREXDemo.release.xcconfig"; path = "Target Support Files/Pods-FOREXDemo/Pods-FOREXDemo.release.xcconfig"; sourceTree = "<group>"; };
		9E7653461B52AAF1B6ADF4BA /* Pods-FOREXDemo.debug.xcconfig */ = {isa = PBXFileReference; includeInIndex = 1; lastKnownFileType = text.xcconfig; name = "Pods-FOREXDemo.debug.xcconfig"; path = "Target Support Files/Pods-FOREXDemo/Pods-FOREXDemo.debug.xcconfig"; sourceTree = "<group>"; };
/* End PBXFileReference section */

/* Begin PBXFrameworksBuildPhase section */
		277444F5222ADA1C003B2181 /* Frameworks */ = {
			isa = PBXFrameworksBuildPhase;
			buildActionMask = 2147483647;
			files = (
				B512F6BAADC42E76D68B31A6 /* Pods_FOREXDemo.framework in Frameworks */,
			);
			runOnlyForDeploymentPostprocessing = 0;
		};
/* End PBXFrameworksBuildPhase section */

/* Begin PBXGroup section */
		277444EF222ADA1C003B2181 = {
			isa = PBXGroup;
			children = (
				277444FA222ADA1C003B2181 /* FOREXDemo */,
				277444F9222ADA1C003B2181 /* Products */,
				60D78F4135BE709D325CC13A /* Pods */,
				E9B5C21793989D9DE68B5402 /* Frameworks */,
			);
			sourceTree = "<group>";
		};
		277444F9222ADA1C003B2181 /* Products */ = {
			isa = PBXGroup;
			children = (
				277444F8222ADA1C003B2181 /* FOREXDemo.app */,
			);
			name = Products;
			sourceTree = "<group>";
		};
		277444FA222ADA1C003B2181 /* FOREXDemo */ = {
			isa = PBXGroup;
			children = (
				27062F9B22344A4B0000D704 /* GoogleService-Info.plist */,
				277444FB222ADA1C003B2181 /* AppDelegate.swift */,
				277444FD222ADA1C003B2181 /* SymbolTableViewController.swift */,
				27062F8E222B097F0000D704 /* SymbolDetailViewController.swift */,
				277444FF222ADA1C003B2181 /* Main.storyboard */,
				27062F9D223451EA0000D704 /* SymbolTableViewCell.swift */,
				27062F90222B15790000D704 /* SymbolDetailTableHeaderView.xib */,
				27062F92222B167A0000D704 /* SymbolDetailTableHeaderView.swift */,
				27062FC8223B5F5F0000D704 /* Items.swift */,
				27744502222ADA1F003B2181 /* Assets.xcassets */,
				27744504222ADA1F003B2181 /* LaunchScreen.storyboard */,
				27744507222ADA1F003B2181 /* Info.plist */,
				27062F98222B321B0000D704 /* CurrencyPairTableViewCell.swift */,
				27062FCA223B61000000D704 /* FavoriteCurrencyPairTableViewCell.swift */,
				27194003223BF7C9004766D3 /* FavoritesViewController.swift */,
				27194007223BFC9A004766D3 /* MyTabBarController.swift */,
			);
			path = FOREXDemo;
			sourceTree = "<group>";
		};
		60D78F4135BE709D325CC13A /* Pods */ = {
			isa = PBXGroup;
			children = (
				9E7653461B52AAF1B6ADF4BA /* Pods-FOREXDemo.debug.xcconfig */,
				7B64055703AFDA7381CB1B13 /* Pods-FOREXDemo.release.xcconfig */,
			);
			path = Pods;
			sourceTree = "<group>";
		};
		E9B5C21793989D9DE68B5402 /* Frameworks */ = {
			isa = PBXGroup;
			children = (
				7649A021E0CF26FFDD2DE9F4 /* Pods_FOREXDemo.framework */,
			);
			name = Frameworks;
			sourceTree = "<group>";
		};
/* End PBXGroup section */

/* Begin PBXNativeTarget section */
		277444F7222ADA1C003B2181 /* FOREXDemo */ = {
			isa = PBXNativeTarget;
			buildConfigurationList = 2774450A222ADA1F003B2181 /* Build configuration list for PBXNativeTarget "FOREXDemo" */;
			buildPhases = (
				65876613F83A895538FC5ACA /* [CP] Check Pods Manifest.lock */,
				277444F4222ADA1C003B2181 /* Sources */,
				277444F5222ADA1C003B2181 /* Frameworks */,
				277444F6222ADA1C003B2181 /* Resources */,
				39B56548308277C9DCD1D424 /* [CP] Embed Pods Frameworks */,
				A16C0D8E75C6FD6EF908C15D /* [CP] Copy Pods Resources */,
			);
			buildRules = (
			);
			dependencies = (
			);
			name = FOREXDemo;
			productName = FOREXDemo;
			productReference = 277444F8222ADA1C003B2181 /* FOREXDemo.app */;
			productType = "com.apple.product-type.application";
		};
/* End PBXNativeTarget section */

/* Begin PBXProject section */
		277444F0222ADA1C003B2181 /* Project object */ = {
			isa = PBXProject;
			attributes = {
				LastSwiftUpdateCheck = 1010;
				LastUpgradeCheck = 1010;
				ORGANIZATIONNAME = "Michael Stenzler";
				TargetAttributes = {
					277444F7222ADA1C003B2181 = {
						CreatedOnToolsVersion = 10.1;
					};
				};
			};
			buildConfigurationList = 277444F3222ADA1C003B2181 /* Build configuration list for PBXProject "FOREXDemo" */;
			compatibilityVersion = "Xcode 9.3";
			developmentRegion = en;
			hasScannedForEncodings = 0;
			knownRegions = (
				en,
				Base,
			);
			mainGroup = 277444EF222ADA1C003B2181;
			productRefGroup = 277444F9222ADA1C003B2181 /* Products */;
			projectDirPath = "";
			projectRoot = "";
			targets = (
				277444F7222ADA1C003B2181 /* FOREXDemo */,
			);
		};
/* End PBXProject section */

/* Begin PBXResourcesBuildPhase section */
		277444F6222ADA1C003B2181 /* Resources */ = {
			isa = PBXResourcesBuildPhase;
			buildActionMask = 2147483647;
			files = (
				27744506222ADA1F003B2181 /* LaunchScreen.storyboard in Resources */,
				27062F91222B15790000D704 /* SymbolDetailTableHeaderView.xib in Resources */,
				27062F9C22344A4C0000D704 /* GoogleService-Info.plist in Resources */,
				27744503222ADA1F003B2181 /* Assets.xcassets in Resources */,
				27744501222ADA1C003B2181 /* Main.storyboard in Resources */,
			);
			runOnlyForDeploymentPostprocessing = 0;
		};
/* End PBXResourcesBuildPhase section */

/* Begin PBXShellScriptBuildPhase section */
		39B56548308277C9DCD1D424 /* [CP] Embed Pods Frameworks */ = {
			isa = PBXShellScriptBuildPhase;
			buildActionMask = 2147483647;
			files = (
			);
			inputFileListPaths = (
			);
			inputPaths = (
				"${PODS_ROOT}/Target Support Files/Pods-FOREXDemo/Pods-FOREXDemo-frameworks.sh",
				"${BUILT_PRODUCTS_DIR}/Alamofire/Alamofire.framework",
				"${BUILT_PRODUCTS_DIR}/Bolts/Bolts.framework",
				"${BUILT_PRODUCTS_DIR}/BoringSSL-GRPC/openssl_grpc.framework",
				"${BUILT_PRODUCTS_DIR}/FBSDKCoreKit/FBSDKCoreKit.framework",
				"${BUILT_PRODUCTS_DIR}/FBSDKLoginKit/FBSDKLoginKit.framework",
				"${BUILT_PRODUCTS_DIR}/GTMSessionFetcher/GTMSessionFetcher.framework",
				"${BUILT_PRODUCTS_DIR}/GoogleToolboxForMac/GoogleToolboxForMac.framework",
				"${BUILT_PRODUCTS_DIR}/GoogleUtilities/GoogleUtilities.framework",
				"${BUILT_PRODUCTS_DIR}/Protobuf/Protobuf.framework",
				"${BUILT_PRODUCTS_DIR}/SDWebImage/SDWebImage.framework",
				"${PODS_ROOT}/TwitterCore/iOS/TwitterCore.framework",
				"${PODS_ROOT}/TwitterKit/iOS/TwitterKit.framework",
				"${BUILT_PRODUCTS_DIR}/gRPC-C++/grpcpp.framework",
				"${BUILT_PRODUCTS_DIR}/gRPC-Core/grpc.framework",
				"${BUILT_PRODUCTS_DIR}/leveldb-library/leveldb.framework",
				"${BUILT_PRODUCTS_DIR}/nanopb/nanopb.framework",
			);
			name = "[CP] Embed Pods Frameworks";
			outputFileListPaths = (
			);
			outputPaths = (
				"${TARGET_BUILD_DIR}/${FRAMEWORKS_FOLDER_PATH}/Alamofire.framework",
				"${TARGET_BUILD_DIR}/${FRAMEWORKS_FOLDER_PATH}/Bolts.framework",
				"${TARGET_BUILD_DIR}/${FRAMEWORKS_FOLDER_PATH}/openssl_grpc.framework",
				"${TARGET_BUILD_DIR}/${FRAMEWORKS_FOLDER_PATH}/FBSDKCoreKit.framework",
				"${TARGET_BUILD_DIR}/${FRAMEWORKS_FOLDER_PATH}/FBSDKLoginKit.framework",
				"${TARGET_BUILD_DIR}/${FRAMEWORKS_FOLDER_PATH}/GTMSessionFetcher.framework",
				"${TARGET_BUILD_DIR}/${FRAMEWORKS_FOLDER_PATH}/GoogleToolboxForMac.framework",
				"${TARGET_BUILD_DIR}/${FRAMEWORKS_FOLDER_PATH}/GoogleUtilities.framework",
				"${TARGET_BUILD_DIR}/${FRAMEWORKS_FOLDER_PATH}/Protobuf.framework",
				"${TARGET_BUILD_DIR}/${FRAMEWORKS_FOLDER_PATH}/SDWebImage.framework",
				"${TARGET_BUILD_DIR}/${FRAMEWORKS_FOLDER_PATH}/TwitterCore.framework",
				"${TARGET_BUILD_DIR}/${FRAMEWORKS_FOLDER_PATH}/TwitterKit.framework",
				"${TARGET_BUILD_DIR}/${FRAMEWORKS_FOLDER_PATH}/grpcpp.framework",
				"${TARGET_BUILD_DIR}/${FRAMEWORKS_FOLDER_PATH}/grpc.framework",
				"${TARGET_BUILD_DIR}/${FRAMEWORKS_FOLDER_PATH}/leveldb.framework",
				"${TARGET_BUILD_DIR}/${FRAMEWORKS_FOLDER_PATH}/nanopb.framework",
			);
			runOnlyForDeploymentPostprocessing = 0;
			shellPath = /bin/sh;
			shellScript = "\"${PODS_ROOT}/Target Support Files/Pods-FOREXDemo/Pods-FOREXDemo-frameworks.sh\"\n";
			showEnvVarsInLog = 0;
		};
		65876613F83A895538FC5ACA /* [CP] Check Pods Manifest.lock */ = {
			isa = PBXShellScriptBuildPhase;
			buildActionMask = 2147483647;
			files = (
			);
			inputFileListPaths = (
			);
			inputPaths = (
				"${PODS_PODFILE_DIR_PATH}/Podfile.lock",
				"${PODS_ROOT}/Manifest.lock",
			);
			name = "[CP] Check Pods Manifest.lock";
			outputFileListPaths = (
			);
			outputPaths = (
				"$(DERIVED_FILE_DIR)/Pods-FOREXDemo-checkManifestLockResult.txt",
			);
			runOnlyForDeploymentPostprocessing = 0;
			shellPath = /bin/sh;
			shellScript = "diff \"${PODS_PODFILE_DIR_PATH}/Podfile.lock\" \"${PODS_ROOT}/Manifest.lock\" > /dev/null\nif [ $? != 0 ] ; then\n    # print error to STDERR\n    echo \"error: The sandbox is not in sync with the Podfile.lock. Run 'pod install' or update your CocoaPods installation.\" >&2\n    exit 1\nfi\n# This output is used by Xcode 'outputs' to avoid re-running this script phase.\necho \"SUCCESS\" > \"${SCRIPT_OUTPUT_FILE_0}\"\n";
			showEnvVarsInLog = 0;
		};
		A16C0D8E75C6FD6EF908C15D /* [CP] Copy Pods Resources */ = {
			isa = PBXShellScriptBuildPhase;
			buildActionMask = 2147483647;
			files = (
			);
			inputFileListPaths = (
			);
			inputPaths = (
				"${PODS_ROOT}/Target Support Files/Pods-FOREXDemo/Pods-FOREXDemo-resources.sh",
				"${PODS_CONFIGURATION_BUILD_DIR}/FirebaseUI/FirebaseAnonymousAuthUI.bundle",
				"${PODS_CONFIGURATION_BUILD_DIR}/FirebaseUI/FirebaseAuthUI.bundle",
				"${PODS_CONFIGURATION_BUILD_DIR}/FirebaseUI/FirebaseEmailAuthUI.bundle",
				"${PODS_CONFIGURATION_BUILD_DIR}/FirebaseUI/FirebaseFacebookAuthUI.bundle",
				"${PODS_CONFIGURATION_BUILD_DIR}/FirebaseUI/FirebaseGoogleAuthUI.bundle",
				"${PODS_CONFIGURATION_BUILD_DIR}/FirebaseUI/FirebasePhoneAuthUI.bundle",
				"${PODS_CONFIGURATION_BUILD_DIR}/FirebaseUI/FirebaseTwitterAuthUI.bundle",
				"${PODS_ROOT}/GoogleSignIn/Resources/GoogleSignIn.bundle",
				"${PODS_ROOT}/TwitterKit/iOS/TwitterKit.framework/TwitterKitResources.bundle",
			);
			name = "[CP] Copy Pods Resources";
			outputFileListPaths = (
			);
			outputPaths = (
				"${TARGET_BUILD_DIR}/${UNLOCALIZED_RESOURCES_FOLDER_PATH}/FirebaseAnonymousAuthUI.bundle",
				"${TARGET_BUILD_DIR}/${UNLOCALIZED_RESOURCES_FOLDER_PATH}/FirebaseAuthUI.bundle",
				"${TARGET_BUILD_DIR}/${UNLOCALIZED_RESOURCES_FOLDER_PATH}/FirebaseEmailAuthUI.bundle",
				"${TARGET_BUILD_DIR}/${UNLOCALIZED_RESOURCES_FOLDER_PATH}/FirebaseFacebookAuthUI.bundle",
				"${TARGET_BUILD_DIR}/${UNLOCALIZED_RESOURCES_FOLDER_PATH}/FirebaseGoogleAuthUI.bundle",
				"${TARGET_BUILD_DIR}/${UNLOCALIZED_RESOURCES_FOLDER_PATH}/FirebasePhoneAuthUI.bundle",
				"${TARGET_BUILD_DIR}/${UNLOCALIZED_RESOURCES_FOLDER_PATH}/FirebaseTwitterAuthUI.bundle",
				"${TARGET_BUILD_DIR}/${UNLOCALIZED_RESOURCES_FOLDER_PATH}/GoogleSignIn.bundle",
				"${TARGET_BUILD_DIR}/${UNLOCALIZED_RESOURCES_FOLDER_PATH}/TwitterKitResources.bundle",
			);
			runOnlyForDeploymentPostprocessing = 0;
			shellPath = /bin/sh;
			shellScript = "\"${PODS_ROOT}/Target Support Files/Pods-FOREXDemo/Pods-FOREXDemo-resources.sh\"\n";
			showEnvVarsInLog = 0;
		};
/* End PBXShellScriptBuildPhase section */

/* Begin PBXSourcesBuildPhase section */
		277444F4222ADA1C003B2181 /* Sources */ = {
			isa = PBXSourcesBuildPhase;
			buildActionMask = 2147483647;
			files = (
				27062FCB223B61000000D704 /* FavoriteCurrencyPairTableViewCell.swift in Sources */,
				27194004223BF7C9004766D3 /* FavoritesViewController.swift in Sources */,
				27062FC9223B5F5F0000D704 /* Items.swift in Sources */,
				277444FE222ADA1C003B2181 /* SymbolTableViewController.swift in Sources */,
				27062F93222B167A0000D704 /* SymbolDetailTableHeaderView.swift in Sources */,
				27062F99222B321B0000D704 /* CurrencyPairTableViewCell.swift in Sources */,
				27062F9E223451EA0000D704 /* SymbolTableViewCell.swift in Sources */,
				277444FC222ADA1C003B2181 /* AppDelegate.swift in Sources */,
				27062F8F222B097F0000D704 /* SymbolDetailViewController.swift in Sources */,
				27194008223BFC9A004766D3 /* MyTabBarController.swift in Sources */,
			);
			runOnlyForDeploymentPostprocessing = 0;
		};
/* End PBXSourcesBuildPhase section */

/* Begin PBXVariantGroup section */
		277444FF222ADA1C003B2181 /* Main.storyboard */ = {
			isa = PBXVariantGroup;
			children = (
				27744500222ADA1C003B2181 /* Base */,
			);
			name = Main.storyboard;
			sourceTree = "<group>";
		};
		27744504222ADA1F003B2181 /* LaunchScreen.storyboard */ = {
			isa = PBXVariantGroup;
			children = (
				27744505222ADA1F003B2181 /* Base */,
			);
			name = LaunchScreen.storyboard;
			sourceTree = "<group>";
		};
/* End PBXVariantGroup section */

/* Begin XCBuildConfiguration section */
		27744508222ADA1F003B2181 /* Debug */ = {
			isa = XCBuildConfiguration;
			buildSettings = {
				ALWAYS_SEARCH_USER_PATHS = NO;
				CLANG_ANALYZER_NONNULL = YES;
				CLANG_ANALYZER_NUMBER_OBJECT_CONVERSION = YES_AGGRESSIVE;
				CLANG_CXX_LANGUAGE_STANDARD = "gnu++14";
				CLANG_CXX_LIBRARY = "libc++";
				CLANG_ENABLE_MODULES = YES;
				CLANG_ENABLE_OBJC_ARC = YES;
				CLANG_ENABLE_OBJC_WEAK = YES;
				CLANG_WARN_BLOCK_CAPTURE_AUTORELEASING = YES;
				CLANG_WARN_BOOL_CONVERSION = YES;
				CLANG_WARN_COMMA = YES;
				CLANG_WARN_CONSTANT_CONVERSION = YES;
				CLANG_WARN_DEPRECATED_OBJC_IMPLEMENTATIONS = YES;
				CLANG_WARN_DIRECT_OBJC_ISA_USAGE = YES_ERROR;
				CLANG_WARN_DOCUMENTATION_COMMENTS = YES;
				CLANG_WARN_EMPTY_BODY = YES;
				CLANG_WARN_ENUM_CONVERSION = YES;
				CLANG_WARN_INFINITE_RECURSION = YES;
				CLANG_WARN_INT_CONVERSION = YES;
				CLANG_WARN_NON_LITERAL_NULL_CONVERSION = YES;
				CLANG_WARN_OBJC_IMPLICIT_RETAIN_SELF = YES;
				CLANG_WARN_OBJC_LITERAL_CONVERSION = YES;
				CLANG_WARN_OBJC_ROOT_CLASS = YES_ERROR;
				CLANG_WARN_RANGE_LOOP_ANALYSIS = YES;
				CLANG_WARN_STRICT_PROTOTYPES = YES;
				CLANG_WARN_SUSPICIOUS_MOVE = YES;
				CLANG_WARN_UNGUARDED_AVAILABILITY = YES_AGGRESSIVE;
				CLANG_WARN_UNREACHABLE_CODE = YES;
				CLANG_WARN__DUPLICATE_METHOD_MATCH = YES;
				CODE_SIGN_IDENTITY = "iPhone Developer";
				COPY_PHASE_STRIP = NO;
				DEBUG_INFORMATION_FORMAT = dwarf;
				ENABLE_STRICT_OBJC_MSGSEND = YES;
				ENABLE_TESTABILITY = YES;
				GCC_C_LANGUAGE_STANDARD = gnu11;
				GCC_DYNAMIC_NO_PIC = NO;
				GCC_NO_COMMON_BLOCKS = YES;
				GCC_OPTIMIZATION_LEVEL = 0;
				GCC_PREPROCESSOR_DEFINITIONS = (
					"DEBUG=1",
					"$(inherited)",
				);
				GCC_WARN_64_TO_32_BIT_CONVERSION = YES;
				GCC_WARN_ABOUT_RETURN_TYPE = YES_ERROR;
				GCC_WARN_UNDECLARED_SELECTOR = YES;
				GCC_WARN_UNINITIALIZED_AUTOS = YES_AGGRESSIVE;
				GCC_WARN_UNUSED_FUNCTION = YES;
				GCC_WARN_UNUSED_VARIABLE = YES;
				IPHONEOS_DEPLOYMENT_TARGET = 12.1;
				MTL_ENABLE_DEBUG_INFO = INCLUDE_SOURCE;
				MTL_FAST_MATH = YES;
				ONLY_ACTIVE_ARCH = YES;
				SDKROOT = iphoneos;
				SWIFT_ACTIVE_COMPILATION_CONDITIONS = DEBUG;
				SWIFT_OPTIMIZATION_LEVEL = "-Onone";
			};
			name = Debug;
		};
		27744509222ADA1F003B2181 /* Release */ = {
			isa = XCBuildConfiguration;
			buildSettings = {
				ALWAYS_SEARCH_USER_PATHS = NO;
				CLANG_ANALYZER_NONNULL = YES;
				CLANG_ANALYZER_NUMBER_OBJECT_CONVERSION = YES_AGGRESSIVE;
				CLANG_CXX_LANGUAGE_STANDARD = "gnu++14";
				CLANG_CXX_LIBRARY = "libc++";
				CLANG_ENABLE_MODULES = YES;
				CLANG_ENABLE_OBJC_ARC = YES;
				CLANG_ENABLE_OBJC_WEAK = YES;
				CLANG_WARN_BLOCK_CAPTURE_AUTORELEASING = YES;
				CLANG_WARN_BOOL_CONVERSION = YES;
				CLANG_WARN_COMMA = YES;
				CLANG_WARN_CONSTANT_CONVERSION = YES;
				CLANG_WARN_DEPRECATED_OBJC_IMPLEMENTATIONS = YES;
				CLANG_WARN_DIRECT_OBJC_ISA_USAGE = YES_ERROR;
				CLANG_WARN_DOCUMENTATION_COMMENTS = YES;
				CLANG_WARN_EMPTY_BODY = YES;
				CLANG_WARN_ENUM_CONVERSION = YES;
				CLANG_WARN_INFINITE_RECURSION = YES;
				CLANG_WARN_INT_CONVERSION = YES;
				CLANG_WARN_NON_LITERAL_NULL_CONVERSION = YES;
				CLANG_WARN_OBJC_IMPLICIT_RETAIN_SELF = YES;
				CLANG_WARN_OBJC_LITERAL_CONVERSION = YES;
				CLANG_WARN_OBJC_ROOT_CLASS = YES_ERROR;
				CLANG_WARN_RANGE_LOOP_ANALYSIS = YES;
				CLANG_WARN_STRICT_PROTOTYPES = YES;
				CLANG_WARN_SUSPICIOUS_MOVE = YES;
				CLANG_WARN_UNGUARDED_AVAILABILITY = YES_AGGRESSIVE;
				CLANG_WARN_UNREACHABLE_CODE = YES;
				CLANG_WARN__DUPLICATE_METHOD_MATCH = YES;
				CODE_SIGN_IDENTITY = "iPhone Developer";
				COPY_PHASE_STRIP = NO;
				DEBUG_INFORMATION_FORMAT = "dwarf-with-dsym";
				ENABLE_NS_ASSERTIONS = NO;
				ENABLE_STRICT_OBJC_MSGSEND = YES;
				GCC_C_LANGUAGE_STANDARD = gnu11;
				GCC_NO_COMMON_BLOCKS = YES;
				GCC_WARN_64_TO_32_BIT_CONVERSION = YES;
				GCC_WARN_ABOUT_RETURN_TYPE = YES_ERROR;
				GCC_WARN_UNDECLARED_SELECTOR = YES;
				GCC_WARN_UNINITIALIZED_AUTOS = YES_AGGRESSIVE;
				GCC_WARN_UNUSED_FUNCTION = YES;
				GCC_WARN_UNUSED_VARIABLE = YES;
				IPHONEOS_DEPLOYMENT_TARGET = 12.1;
				MTL_ENABLE_DEBUG_INFO = NO;
				MTL_FAST_MATH = YES;
				SDKROOT = iphoneos;
				SWIFT_COMPILATION_MODE = wholemodule;
				SWIFT_OPTIMIZATION_LEVEL = "-O";
				VALIDATE_PRODUCT = YES;
			};
			name = Release;
		};
		2774450B222ADA1F003B2181 /* Debug */ = {
			isa = XCBuildConfiguration;
			baseConfigurationReference = 9E7653461B52AAF1B6ADF4BA /* Pods-FOREXDemo.debug.xcconfig */;
			buildSettings = {
				ASSETCATALOG_COMPILER_APPICON_NAME = AppIcon;
				CODE_SIGN_STYLE = Automatic;
				INFOPLIST_FILE = FOREXDemo/Info.plist;
				IPHONEOS_DEPLOYMENT_TARGET = 11.1;
				LD_RUNPATH_SEARCH_PATHS = (
					"$(inherited)",
					"@executable_path/Frameworks",
				);
				PRODUCT_BUNDLE_IDENTIFIER = com.MichaelStenzler.FOREXDemo;
				PRODUCT_NAME = "$(TARGET_NAME)";
				SWIFT_VERSION = 4.2;
				TARGETED_DEVICE_FAMILY = "1,2";
			};
			name = Debug;
		};
		2774450C222ADA1F003B2181 /* Release */ = {
			isa = XCBuildConfiguration;
			baseConfigurationReference = 7B64055703AFDA7381CB1B13 /* Pods-FOREXDemo.release.xcconfig */;
			buildSettings = {
				ASSETCATALOG_COMPILER_APPICON_NAME = AppIcon;
				CODE_SIGN_STYLE = Automatic;
				INFOPLIST_FILE = FOREXDemo/Info.plist;
				IPHONEOS_DEPLOYMENT_TARGET = 11.1;
				LD_RUNPATH_SEARCH_PATHS = (
					"$(inherited)",
					"@executable_path/Frameworks",
				);
				PRODUCT_BUNDLE_IDENTIFIER = com.MichaelStenzler.FOREXDemo;
				PRODUCT_NAME = "$(TARGET_NAME)";
				SWIFT_VERSION = 4.2;
				TARGETED_DEVICE_FAMILY = "1,2";
			};
			name = Release;
		};
/* End XCBuildConfiguration section */

/* Begin XCConfigurationList section */
		277444F3222ADA1C003B2181 /* Build configuration list for PBXProject "FOREXDemo" */ = {
			isa = XCConfigurationList;
			buildConfigurations = (
				27744508222ADA1F003B2181 /* Debug */,
				27744509222ADA1F003B2181 /* Release */,
			);
			defaultConfigurationIsVisible = 0;
			defaultConfigurationName = Release;
		};
		2774450A222ADA1F003B2181 /* Build configuration list for PBXNativeTarget "FOREXDemo" */ = {
			isa = XCConfigurationList;
			buildConfigurations = (
				2774450B222ADA1F003B2181 /* Debug */,
				2774450C222ADA1F003B2181 /* Release */,
			);
			defaultConfigurationIsVisible = 0;
			defaultConfigurationName = Release;
		};
/* End XCConfigurationList section */
	};
	rootObject = 277444F0222ADA1C003B2181 /* Project object */;
}
